
Microsoft Visual Studio Solution File, Format Version 12.00
# Visual Studio Version 16
VisualStudioVersion = 16.0.30309.148
MinimumVisualStudioVersion = 10.0.40219.1
Project("{FAE04EC0-301F-11D3-BF4B-00C04F79EFBC}") = "LAB3DMathApp_RatliffPaul07292020", "LAB3DMathApp_RatliffPaul07292020.csproj", "{4152A64D-F360-4D28-8383-AA9446ED875A}"
EndProject
Global
	GlobalSection(SolutionConfigurationPlatforms) = preSolution
		Debug|Any CPU = Debug|Any CPU
		Release|Any CPU = Release|Any CPU
	EndGlobalSection
	GlobalSection(ProjectConfigurationPlatforms) = postSolution
		{4152A64D-F360-4D28-8383-AA9446ED875A}.Debug|Any CPU.ActiveCfg = Debug|Any CPU
		{4152A64D-F360-4D28-8383-AA9446ED875A}.Debug|Any CPU.Build.0 = Debug|Any CPU
		{4152A64D-F360-4D28-8383-AA9446ED875A}.Release|Any CPU.ActiveCfg = Release|Any CPU
		{4152A64D-F360-4D28-8383-AA9446ED875A}.Release|Any CPU.Build.0 = Release|Any CPU
	EndGlobalSection
	GlobalSection(SolutionProperties) = preSolution
		HideSolutionNode = FALSE
	EndGlobalSection
	GlobalSection(ExtensibilityGlobals) = postSolution
		SolutionGuid = {389D2D2D-5A95-4F69-88C2-4CA2D6FDCB29}
	EndGlobalSection
EndGlobal
